{
    "_readme": [
        "This file locks the dependencies of your project to a known state",
        "Read more about it at https://getcomposer.org/doc/01-basic-usage.md#installing-dependencies",
        "This file is @generated automatically"
    ],
    "content-hash": "04f48fc824807baeee2347b62a9ddd1e",
    "packages": [
        {
            "name": "mvcphp/framwork",
            "version": "1.0.0",
            "dist": {
                "type": "path",
                "url": "framework",
                "reference": "f6018d756e451fbef675162436869f7a4bf3127d"
            },
            "type": "library",
            "autoload": {
                "psr-4": {
                    "Framework\\": "framework/",
                    "Illuminates\\": "illuminates/"
                }
            },
            "license": [
                "MIT"
            ],
            "authors": [
                {
                    "name": "abdo"
                }
            ],
            "description": "framwork",
            "transport-options": {
                "relative": true
            }
        }
    ],
    "packages-dev": [],
    "aliases": [],
    "minimum-stability": "dev",
    "stability-flags": {},
    "prefer-stable": false,
    "prefer-lowest": false,
    "platform": {
        "php": "^8.0"
    },
    "platform-dev": {},
    "plugin-api-version": "2.6.0"
}
